{
  "name": "grappling-gun",
  "version": "0.1.0",
  "lockfileVersion": 1,
  "requires": true,
  "dependencies": {
    "@peculiar/asn1-schema": {
      "version": "1.0.3",
      "resolved": "https://registry.npmjs.org/@peculiar/asn1-schema/-/asn1-schema-1.0.3.tgz",
      "integrity": "sha512-Tfgj9eNJ6cTKEtEuidKenLHMx/Q5M8KEE9hnohHqvdpqHJXWYr5RlT3GjAHPjGXy5+mr7sSfuXfzE6aAkEGN7A==",
      "optional": true,
      "requires": {
        "asn1js": "^2.0.22",
        "tslib": "^1.9.3"
      }
    },
    "@peculiar/json-schema": {
      "version": "1.1.9",
      "resolved": "https://registry.npmjs.org/@peculiar/json-schema/-/json-schema-1.1.9.tgz",
      "integrity": "sha512-F2ST2y/IQPgY+1QMw1Q33sqJbGDCeO3lGqI69SL3Hgo0++7iHqprUB1QyxB/A7bN3tuM65MBxoM2JLbwh42lsQ==",
      "optional": true,
      "requires": {
        "tslib": "^1.10.0"
      }
    },
    "@peculiar/webcrypto": {
      "version": "1.0.22",
      "resolved": "https://registry.npmjs.org/@peculiar/webcrypto/-/webcrypto-1.0.22.tgz",
      "integrity": "sha512-NP6H6ZGXUvJnQJCWzUgnRcQv+9nMCNwLUDhTwOxRUwPFvtHauMOl0oPTKUjbhInCMaE55gJqB4yc0YKbde6Exw==",
      "optional": true,
      "requires": {
        "@peculiar/asn1-schema": "^1.0.3",
        "@peculiar/json-schema": "^1.1.6",
        "asn1js": "^2.0.26",
        "pvtsutils": "^1.0.9",
        "tslib": "^1.10.0",
        "webcrypto-core": "^1.0.17"
      }
    },
    "@unimodules/core": {
      "version": "5.0.0",
      "resolved": "https://registry.npmjs.org/@unimodules/core/-/core-5.0.0.tgz",
      "integrity": "sha512-PswccfzFIviX61Lm8h6/QyC94bWe+6cARwhzgzTCKa6aR6azmi4732ExhX4VxfQjJNHB0szYVXGXVEDsFkj+tQ==",
      "optional": true,
      "requires": {
        "compare-versions": "^3.4.0"
      }
    },
    "@unimodules/react-native-adapter": {
      "version": "5.0.0",
      "resolved": "https://registry.npmjs.org/@unimodules/react-native-adapter/-/react-native-adapter-5.0.0.tgz",
      "integrity": "sha512-qb5p5wUQoi3TRa/33aLLHSnS7sewV99oBxIo9gnzNI3VFzbOm3rsbTjOJNcR2hx0raUolTtnQT75VbgagVQx4w==",
      "optional": true,
      "requires": {
        "invariant": "^2.2.4",
        "lodash": "^4.5.0",
        "prop-types": "^15.6.1"
      }
    },
    "addressparser": {
      "version": "0.3.2",
      "resolved": "https://registry.npmjs.org/addressparser/-/addressparser-0.3.2.tgz",
      "integrity": "sha1-WYc/Nej89sc2HBAjkmHXbhU0i7I=",
      "optional": true
    },
    "asmcrypto.js": {
      "version": "0.22.0",
      "resolved": "https://registry.npmjs.org/asmcrypto.js/-/asmcrypto.js-0.22.0.tgz",
      "integrity": "sha512-usgMoyXjMbx/ZPdzTSXExhMPur2FTdz/Vo5PVx2gIaBcdAAJNOFlsdgqveM8Cff7W0v+xrf9BwjOV26JSAF9qA==",
      "optional": true
    },
    "asn1js": {
      "version": "2.0.26",
      "resolved": "https://registry.npmjs.org/asn1js/-/asn1js-2.0.26.tgz",
      "integrity": "sha512-yG89F0j9B4B0MKIcFyWWxnpZPLaNTjCj4tkE3fjbAoo0qmpGw0PYYqSbX/4ebnd9Icn8ZgK4K1fvDyEtW1JYtQ==",
      "optional": true,
      "requires": {
        "pvutils": "^1.0.17"
      }
    },
    "async-limiter": {
      "version": "1.0.1",
      "resolved": "https://registry.npmjs.org/async-limiter/-/async-limiter-1.0.1.tgz",
      "integrity": "sha512-csOlWGAcRFJaI6m+F2WKdnMKr4HhdhFVBk0H/QbJFMCr+uO2kwohwXQPxw/9OCxp05r5ghVBFSyioixx3gfkNQ=="
    },
    "b64-lite": {
      "version": "1.4.0",
      "resolved": "https://registry.npmjs.org/b64-lite/-/b64-lite-1.4.0.tgz",
      "integrity": "sha512-aHe97M7DXt+dkpa8fHlCcm1CnskAHrJqEfMI0KN7dwqlzml/aUe1AGt6lk51HzrSfVD67xOso84sOpr+0wIe2w==",
      "optional": true,
      "requires": {
        "base-64": "^0.1.0"
      }
    },
    "b64u-lite": {
      "version": "1.1.0",
      "resolved": "https://registry.npmjs.org/b64u-lite/-/b64u-lite-1.1.0.tgz",
      "integrity": "sha512-929qWGDVCRph7gQVTC6koHqQIpF4vtVaSbwLltFQo44B1bYUquALswZdBKFfrJCPEnsCOvWkJsPdQYZ/Ukhw8A==",
      "optional": true,
      "requires": {
        "b64-lite": "^1.4.0"
      }
    },
    "base-64": {
      "version": "0.1.0",
      "resolved": "https://registry.npmjs.org/base-64/-/base-64-0.1.0.tgz",
      "integrity": "sha1-eAqZyE59YAJgNhURxId2E78k9rs=",
      "optional": true
    },
    "base64-js": {
      "version": "1.3.1",
      "resolved": "https://registry.npmjs.org/base64-js/-/base64-js-1.3.1.tgz",
      "integrity": "sha512-mLQ4i2QO1ytvGWFWmcngKO//JXAQueZvwEKtjgQFM4jIK0kU+ytMfplL8j+n5mspOfjHwoAg+9yhb7BwAHm36g=="
    },
    "buffer": {
      "version": "5.4.3",
      "resolved": "https://registry.npmjs.org/buffer/-/buffer-5.4.3.tgz",
      "integrity": "sha512-zvj65TkFeIt3i6aj5bIvJDzjjQQGs4o/sNoezg1F1kYap9Nu2jcUdpwzRSJTHMMzG0H7bZkn4rNQpImhuxWX2A==",
      "requires": {
        "base64-js": "^1.0.2",
        "ieee754": "^1.1.4"
      }
    },
    "buffer-from": {
      "version": "1.1.1",
      "resolved": "https://registry.npmjs.org/buffer-from/-/buffer-from-1.1.1.tgz",
      "integrity": "sha512-MQcXEUbCKtEo7bhqEs6560Hyd4XaovZlO/k9V3hjVUF/zwW7KBVdSK4gIt/bzwS9MbR5qob+F5jusZsb0YQK2A=="
    },
    "compare-versions": {
      "version": "3.5.1",
      "resolved": "https://registry.npmjs.org/compare-versions/-/compare-versions-3.5.1.tgz",
      "integrity": "sha512-9fGPIB7C6AyM18CJJBHt5EnCZDG3oiTJYy0NjfIAGjKpzv0tkxWko7TNQHF5ymqm7IH03tqmeuBxtvD+Izh6mg==",
      "optional": true
    },
    "concat-stream": {
      "version": "2.0.0",
      "resolved": "https://registry.npmjs.org/concat-stream/-/concat-stream-2.0.0.tgz",
      "integrity": "sha512-MWufYdFw53ccGjCA+Ol7XJYpAlW6/prSMzuPOTRnJGcGzuhLn4Scrz7qf6o8bROZ514ltazcIFJZevcfbo0x7A==",
      "requires": {
        "buffer-from": "^1.0.0",
        "inherits": "^2.0.3",
        "readable-stream": "^3.0.2",
        "typedarray": "^0.0.6"
      }
    },
    "cookiejar": {
      "version": "2.1.2",
      "resolved": "https://registry.npmjs.org/cookiejar/-/cookiejar-2.1.2.tgz",
      "integrity": "sha512-Mw+adcfzPxcPeI+0WlvRrr/3lGVO0bD75SxX6811cxSh1Wbxx7xZBGK1eVtDf6si8rg2lhnUjsVLMFMfbRIuwA=="
    },
    "csprng": {
      "version": "0.1.2",
      "resolved": "https://registry.npmjs.org/csprng/-/csprng-0.1.2.tgz",
      "integrity": "sha1-S8aPEvo2jSUqWYQcusqXSxirReI=",
      "requires": {
        "sequin": "*"
      }
    },
    "debug": {
      "version": "0.8.1",
      "resolved": "https://registry.npmjs.org/debug/-/debug-0.8.1.tgz",
      "integrity": "sha1-IP9NJvXkIstoobrLu2EDmtjBwTA="
    },
    "debug-proxy": {
      "version": "0.1.2",
      "resolved": "https://registry.npmjs.org/debug-proxy/-/debug-proxy-0.1.2.tgz",
      "integrity": "sha1-HNW7cG5upjHrjbPWZwyB9HidJ94=",
      "requires": {
        "debug": "^2.2.0"
      },
      "dependencies": {
        "debug": {
          "version": "2.6.9",
          "resolved": "https://registry.npmjs.org/debug/-/debug-2.6.9.tgz",
          "integrity": "sha512-bC7ElrdJaJnPbAP+1EotYvqZsb3ecl5wi6Bfi6BJTUcNowp6cvspg0jXznRTKDjm/E7AdgFBVeAPVMNcKGsHMA==",
          "requires": {
            "ms": "2.0.0"
          }
        }
      }
    },
    "discord.js": {
      "version": "11.5.1",
      "resolved": "https://registry.npmjs.org/discord.js/-/discord.js-11.5.1.tgz",
      "integrity": "sha512-tGhV5xaZXE3Z+4uXJb3hYM6gQ1NmnSxp9PClcsSAYFVRzH6AJH74040mO3afPDMWEAlj8XsoPXXTJHTxesqcGw==",
      "requires": {
        "long": "^4.0.0",
        "prism-media": "^0.0.3",
        "snekfetch": "^3.6.4",
        "tweetnacl": "^1.0.0",
        "ws": "^6.0.0"
      }
    },
    "emailjs": {
      "version": "2.2.0",
      "resolved": "https://registry.npmjs.org/emailjs/-/emailjs-2.2.0.tgz",
      "integrity": "sha1-ulsj5KSwpFEPZS6HOxVOlAe2ygM=",
      "optional": true,
      "requires": {
        "addressparser": "^0.3.2",
        "emailjs-mime-codec": "^2.0.7"
      }
    },
    "emailjs-base64": {
      "version": "1.1.4",
      "resolved": "https://registry.npmjs.org/emailjs-base64/-/emailjs-base64-1.1.4.tgz",
      "integrity": "sha512-4h0xp1jgVTnIQBHxSJWXWanNnmuc5o+k4aHEpcLXSToN8asjB5qbXAexs7+PEsUKcEyBteNYsSvXUndYT2CGGA==",
      "optional": true
    },
    "emailjs-mime-codec": {
      "version": "2.0.9",
      "resolved": "https://registry.npmjs.org/emailjs-mime-codec/-/emailjs-mime-codec-2.0.9.tgz",
      "integrity": "sha512-7qJo4pFGcKlWh/kCeNjmcgj34YoJWY0ekZXEHYtluWg4MVBnXqGM4CRMtZQkfYwitOhUgaKN5EQktJddi/YIDQ==",
      "optional": true,
      "requires": {
        "emailjs-base64": "^1.1.4",
        "ramda": "^0.26.1",
        "text-encoding": "^0.7.0"
      }
    },
    "eventemitter3": {
      "version": "0.1.6",
      "resolved": "https://registry.npmjs.org/eventemitter3/-/eventemitter3-0.1.6.tgz",
      "integrity": "sha1-jHrES4e6q1XNUMgo3Dh3jqwFLqU="
    },
    "expo-random": {
      "version": "8.0.0",
      "resolved": "https://registry.npmjs.org/expo-random/-/expo-random-8.0.0.tgz",
      "integrity": "sha512-ukDC3eGSEliBsnobX1bQRAwti9GE8ZEW53AHFf1fVy+JuAhhZm+M5HW7T0ptdbLjm46VpTDGIO4vq+qxeXAl7g==",
      "optional": true,
      "requires": {
        "base64-js": "^1.3.0"
      }
    },
    "faye": {
      "version": "1.0.3",
      "resolved": "https://registry.npmjs.org/faye/-/faye-1.0.3.tgz",
      "integrity": "sha1-5lk8H2HhkqhaOx8iHjF7hVBfXx8=",
      "requires": {
        "concat-stream": "^2.0.0",
        "cookiejar": "^2.1.2",
        "csprng": "^0.1.2",
        "faye-websocket": ">=0.7.0"
      }
    },
    "faye-websocket": {
      "version": "0.11.3",
      "resolved": "https://registry.npmjs.org/faye-websocket/-/faye-websocket-0.11.3.tgz",
      "integrity": "sha512-D2y4bovYpzziGgbHYtGCMjlJM36vAl/y+xUyn1C+FVx8szd1E+86KwVw6XvYSzOP8iMpm1X0I4xJD+QtUb36OA==",
      "requires": {
        "websocket-driver": ">=0.5.1"
      }
    },
    "gitter-faye": {
      "version": "1.2.0",
      "resolved": "https://registry.npmjs.org/gitter-faye/-/gitter-faye-1.2.0.tgz",
      "integrity": "sha512-ORH4LwkYXZu2GU7RAbeWT/cD/fDNQQ5KJuhM6SHxd3czrLpZjzuV5rSgQ4GksQqv3aky+NfoUUznnI9kMz0EiA==",
      "requires": {
        "csprng": "^0.1.2",
        "debug-proxy": "^0.1.2",
        "faye-websocket": "~0.9.4",
        "tough-cookie": "^3.0.1",
        "tunnel-agent": "^0.6.0"
      },
      "dependencies": {
        "faye-websocket": {
          "version": "0.9.4",
          "resolved": "https://registry.npmjs.org/faye-websocket/-/faye-websocket-0.9.4.tgz",
          "integrity": "sha1-iFk0x57/sECVSeDAo4Ae0XpAza0=",
          "requires": {
            "websocket-driver": ">=0.5.1"
          }
        }
      }
    },
    "gun": {
      "version": "0.2020.116",
      "resolved": "https://registry.npmjs.org/gun/-/gun-0.2020.116.tgz",
      "integrity": "sha512-/nOfMWptbg7T3njN88fXS+Z3PxCEAK2azXoWYONhjFJqJ1mk4yoBlzrXlpMSG0ERTwi8Mc3BERmnnVyn/FGd0g==",
      "requires": {
        "buffer": "^5.4.3",
        "emailjs": "^2.2.0",
        "isomorphic-webcrypto": "^2.3.2",
        "text-encoding": "^0.7.0",
        "ws": "^7.1.2"
      },
      "dependencies": {
        "ws": {
          "version": "7.2.1",
          "resolved": "https://registry.npmjs.org/ws/-/ws-7.2.1.tgz",
          "integrity": "sha512-sucePNSafamSKoOqoNfBd8V0StlkzJKL2ZAhGQinCfNQ+oacw+Pk7lcdAElecBF2VkLNZRiIb5Oi1Q5lVUVt2A=="
        }
      }
    },
    "http-parser-js": {
      "version": "0.4.10",
      "resolved": "https://registry.npmjs.org/http-parser-js/-/http-parser-js-0.4.10.tgz",
      "integrity": "sha1-ksnBN0w1CF912zWexWzCV8u5P6Q="
    },
    "ieee754": {
      "version": "1.1.13",
      "resolved": "https://registry.npmjs.org/ieee754/-/ieee754-1.1.13.tgz",
      "integrity": "sha512-4vf7I2LYV/HaWerSo3XmlMkp5eZ83i+/CDluXi/IGTs/O1sejBNhTtnxzmRZfvOUqj7lZjqHkeTvpgSFDlWZTg=="
    },
    "inherits": {
      "version": "2.0.4",
      "resolved": "https://registry.npmjs.org/inherits/-/inherits-2.0.4.tgz",
      "integrity": "sha512-k/vGaX4/Yla3WzyMCvTQOXYeIHvqOKtnqBduzTHpzpQZzAskKMhZ2K+EnBiSM9zGSoIFeMpXKxa4dYeZIQqewQ=="
    },
    "invariant": {
      "version": "2.2.4",
      "resolved": "https://registry.npmjs.org/invariant/-/invariant-2.2.4.tgz",
      "integrity": "sha512-phJfQVBuaJM5raOpJjSfkiD6BpbCE4Ns//LaXl6wGYtUBY83nWS6Rf9tXm2e8VaK60JEjYldbPif/A2B1C2gNA==",
      "optional": true,
      "requires": {
        "loose-envify": "^1.0.0"
      }
    },
    "ip-regex": {
      "version": "2.1.0",
      "resolved": "https://registry.npmjs.org/ip-regex/-/ip-regex-2.1.0.tgz",
      "integrity": "sha1-+ni/XS5pE8kRzp+BnuUUa7bYROk="
    },
    "isomorphic-webcrypto": {
      "version": "2.3.4",
      "resolved": "https://registry.npmjs.org/isomorphic-webcrypto/-/isomorphic-webcrypto-2.3.4.tgz",
      "integrity": "sha512-SnOCsm0Vls8jeWP4c26ItHFajzfDlRPcKK4YRUv6jukYGzJwl2tKNwSIAiCh1INdoRttaKhJrLc3HBer1om4HA==",
      "optional": true,
      "requires": {
        "@peculiar/webcrypto": "^1.0.22",
        "@unimodules/core": "*",
        "@unimodules/react-native-adapter": "*",
        "asmcrypto.js": "^0.22.0",
        "b64-lite": "^1.3.1",
        "b64u-lite": "^1.0.1",
        "expo-random": "*",
        "msrcrypto": "^1.5.6",
        "react-native-securerandom": "^0.1.1",
        "str2buf": "^1.3.0",
        "webcrypto-shim": "^0.1.4"
      }
    },
    "js-tokens": {
      "version": "4.0.0",
      "resolved": "https://registry.npmjs.org/js-tokens/-/js-tokens-4.0.0.tgz",
      "integrity": "sha512-RdJUflcE3cUzKiMqQgsCu06FPu9UdIJO0beYbPhHN4k6apgJtifcoCtT9bcxOpYBtpD2kCM6Sbzg4CausW/PKQ==",
      "optional": true
    },
    "lodash": {
      "version": "4.17.15",
      "resolved": "https://registry.npmjs.org/lodash/-/lodash-4.17.15.tgz",
      "integrity": "sha512-8xOcRHvCjnocdS5cpwXQXVzmmh5e5+saE2QGoeQmbKmRS6J3VQppPOIt0MnmE+4xlZoumy0GPG0D0MVIQbNA1A==",
      "optional": true
    },
    "long": {
      "version": "4.0.0",
      "resolved": "https://registry.npmjs.org/long/-/long-4.0.0.tgz",
      "integrity": "sha512-XsP+KhQif4bjX1kbuSiySJFNAehNxgLb6hPRGJ9QsUr8ajHkuXGdrHmFUTUUXhDwVX2R5bY4JNZEwbUiMhV+MA=="
    },
    "loose-envify": {
      "version": "1.4.0",
      "resolved": "https://registry.npmjs.org/loose-envify/-/loose-envify-1.4.0.tgz",
      "integrity": "sha512-lyuxPGr/Wfhrlem2CL/UcnUc1zcqKAImBDzukY7Y5F/yQiNdko6+fRLevlw1HgMySw7f611UIY408EtxRSoK3Q==",
      "optional": true,
      "requires": {
        "js-tokens": "^3.0.0 || ^4.0.0"
      }
    },
    "ms": {
      "version": "2.0.0",
      "resolved": "https://registry.npmjs.org/ms/-/ms-2.0.0.tgz",
      "integrity": "sha1-VgiurfwAvmwpAd9fmGF4jeDVl8g="
    },
    "msrcrypto": {
      "version": "1.5.7",
      "resolved": "https://registry.npmjs.org/msrcrypto/-/msrcrypto-1.5.7.tgz",
      "integrity": "sha512-vH/uVdMPgdtLrDCdR2gWps2fB10EYWjXYi67W9RzNSd5Jch3noWGUvNUXSIJA87VTDaE+wvjS7yRSN4gALTslg==",
      "optional": true
    },
    "node-gitter": {
      "version": "2.1.0",
      "resolved": "https://registry.npmjs.org/node-gitter/-/node-gitter-2.1.0.tgz",
      "integrity": "sha512-Z7roT/AEHIE64+C57v7SoPzOsuiG9Y39rS06CvwWlZ0Sqs5h4yW4BnuZgUuVR61GdPUM56wrlsyNfBgtIp63KQ==",
      "requires": {
        "debug": "^0.8.1",
        "eventemitter3": "^0.1.6",
        "faye": "~1.0.1",
        "gitter-faye": "^1.1.0-e",
        "q": "~1.0.1",
        "qs": "~1.2.1"
      }
    },
    "object-assign": {
      "version": "4.1.1",
      "resolved": "https://registry.npmjs.org/object-assign/-/object-assign-4.1.1.tgz",
      "integrity": "sha1-IQmtx5ZYh8/AXLvUQsrIv7s2CGM=",
      "optional": true
    },
    "prism-media": {
      "version": "0.0.3",
      "resolved": "https://registry.npmjs.org/prism-media/-/prism-media-0.0.3.tgz",
      "integrity": "sha512-c9KkNifSMU/iXT8FFTaBwBMr+rdVcN+H/uNv1o+CuFeTThNZNTOrQ+RgXA1yL/DeLk098duAeRPP3QNPNbhxYQ=="
    },
    "prop-types": {
      "version": "15.7.2",
      "resolved": "https://registry.npmjs.org/prop-types/-/prop-types-15.7.2.tgz",
      "integrity": "sha512-8QQikdH7//R2vurIJSutZ1smHYTcLpRWEOlHnzcWHmBYrOGUysKwSsrC89BCiFj3CbrfJ/nXFdJepOVrY1GCHQ==",
      "optional": true,
      "requires": {
        "loose-envify": "^1.4.0",
        "object-assign": "^4.1.1",
        "react-is": "^16.8.1"
      }
    },
    "psl": {
      "version": "1.4.0",
      "resolved": "https://registry.npmjs.org/psl/-/psl-1.4.0.tgz",
      "integrity": "sha512-HZzqCGPecFLyoRj5HLfuDSKYTJkAfB5thKBIkRHtGjWwY7p1dAyveIbXIq4tO0KYfDF2tHqPUgY9SDnGm00uFw=="
    },
    "punycode": {
      "version": "2.1.1",
      "resolved": "https://registry.npmjs.org/punycode/-/punycode-2.1.1.tgz",
      "integrity": "sha512-XRsRjdf+j5ml+y/6GKHPZbrF/8p2Yga0JPtdqTIY2Xe5ohJPD9saDJJLPvp9+NSBprVvevdXZybnj2cv8OEd0A=="
    },
    "pvtsutils": {
      "version": "1.0.9",
      "resolved": "https://registry.npmjs.org/pvtsutils/-/pvtsutils-1.0.9.tgz",
      "integrity": "sha512-/kDsuCKPqJuIzn37w6+iN+TiSrN+zrwPEd7FjT61oNbRvceGdsS94fMEWZ4/h6QZU5EZhBMiV+79IYedroP/Yw==",
      "optional": true,
      "requires": {
        "tslib": "^1.10.0"
      }
    },
    "pvutils": {
      "version": "1.0.17",
      "resolved": "https://registry.npmjs.org/pvutils/-/pvutils-1.0.17.tgz",
      "integrity": "sha512-wLHYUQxWaXVQvKnwIDWFVKDJku9XDCvyhhxoq8dc5MFdIlRenyPI9eSfEtcvgHgD7FlvCyGAlWgOzRnZD99GZQ==",
      "optional": true
    },
    "q": {
      "version": "1.0.1",
      "resolved": "https://registry.npmjs.org/q/-/q-1.0.1.tgz",
      "integrity": "sha1-EYcq7t7okmgRCxCnGESP+xARKhQ="
    },
    "qs": {
      "version": "1.2.2",
      "resolved": "https://registry.npmjs.org/qs/-/qs-1.2.2.tgz",
      "integrity": "sha1-GbV/8k3CqZzh+L32r82ln472H4g="
    },
    "ramda": {
      "version": "0.26.1",
      "resolved": "https://registry.npmjs.org/ramda/-/ramda-0.26.1.tgz",
      "integrity": "sha512-hLWjpy7EnsDBb0p+Z3B7rPi3GDeRG5ZtiI33kJhTt+ORCd38AbAIjB/9zRIUoeTbE/AVX5ZkU7m6bznsvrf8eQ==",
      "optional": true
    },
    "react-is": {
      "version": "16.12.0",
      "resolved": "https://registry.npmjs.org/react-is/-/react-is-16.12.0.tgz",
      "integrity": "sha512-rPCkf/mWBtKc97aLL9/txD8DZdemK0vkA3JMLShjlJB3Pj3s+lpf1KaBzMfQrAmhMQB0n1cU/SUGgKKBCe837Q==",
      "optional": true
    },
    "react-native-securerandom": {
      "version": "0.1.1",
      "resolved": "https://registry.npmjs.org/react-native-securerandom/-/react-native-securerandom-0.1.1.tgz",
      "integrity": "sha1-8TBiOkEsM4sK+t7bwgTFy7i/IHA=",
      "optional": true,
      "requires": {
        "base64-js": "*"
      }
    },
    "readable-stream": {
      "version": "3.4.0",
      "resolved": "https://registry.npmjs.org/readable-stream/-/readable-stream-3.4.0.tgz",
      "integrity": "sha512-jItXPLmrSR8jmTRmRWJXCnGJsfy85mB3Wd/uINMXA65yrnFo0cPClFIUWzo2najVNSl+mx7/4W8ttlLWJe99pQ==",
      "requires": {
        "inherits": "^2.0.3",
        "string_decoder": "^1.1.1",
        "util-deprecate": "^1.0.1"
      }
    },
    "safe-buffer": {
      "version": "5.2.0",
      "resolved": "https://registry.npmjs.org/safe-buffer/-/safe-buffer-5.2.0.tgz",
      "integrity": "sha512-fZEwUGbVl7kouZs1jCdMLdt95hdIv0ZeHg6L7qPeciMZhZ+/gdesW4wgTARkrFWEpspjEATAzUGPG8N2jJiwbg=="
    },
    "sequin": {
      "version": "0.1.1",
      "resolved": "https://registry.npmjs.org/sequin/-/sequin-0.1.1.tgz",
      "integrity": "sha1-XC04nWajg3NOqvvEXt6ywcsb5wE="
    },
    "snekfetch": {
      "version": "3.6.4",
      "resolved": "https://registry.npmjs.org/snekfetch/-/snekfetch-3.6.4.tgz",
      "integrity": "sha512-NjxjITIj04Ffqid5lqr7XdgwM7X61c/Dns073Ly170bPQHLm6jkmelye/eglS++1nfTWktpP6Y2bFXjdPlQqdw=="
    },
    "str2buf": {
      "version": "1.3.0",
      "resolved": "https://registry.npmjs.org/str2buf/-/str2buf-1.3.0.tgz",
      "integrity": "sha512-xIBmHIUHYZDP4HyoXGHYNVmxlXLXDrtFHYT0eV6IOdEj3VO9ccaF1Ejl9Oq8iFjITllpT8FhaXb4KsNmw+3EuA==",
      "optional": true
    },
    "string_decoder": {
      "version": "1.3.0",
      "resolved": "https://registry.npmjs.org/string_decoder/-/string_decoder-1.3.0.tgz",
      "integrity": "sha512-hkRX8U1WjJFd8LsDJ2yQ/wWWxaopEsABU1XfkM8A+j0+85JAGppt16cr1Whg6KIbb4okU6Mql6BOj+uup/wKeA==",
      "requires": {
        "safe-buffer": "~5.2.0"
      }
    },
    "text-encoding": {
      "version": "0.7.0",
      "resolved": "https://registry.npmjs.org/text-encoding/-/text-encoding-0.7.0.tgz",
      "integrity": "sha512-oJQ3f1hrOnbRLOcwKz0Liq2IcrvDeZRHXhd9RgLrsT+DjWY/nty1Hi7v3dtkaEYbPYe0mUoOfzRrMwfXXwgPUA==",
      "optional": true
    },
    "tough-cookie": {
      "version": "3.0.1",
      "resolved": "https://registry.npmjs.org/tough-cookie/-/tough-cookie-3.0.1.tgz",
      "integrity": "sha512-yQyJ0u4pZsv9D4clxO69OEjLWYw+jbgspjTue4lTQZLfV0c5l1VmK2y1JK8E9ahdpltPOaAThPcp5nKPUgSnsg==",
      "requires": {
        "ip-regex": "^2.1.0",
        "psl": "^1.1.28",
        "punycode": "^2.1.1"
      }
    },
    "tslib": {
      "version": "1.10.0",
      "resolved": "https://registry.npmjs.org/tslib/-/tslib-1.10.0.tgz",
      "integrity": "sha512-qOebF53frne81cf0S9B41ByenJ3/IuH8yJKngAX35CmiZySA0khhkovshKK+jGCaMnVomla7gVlIcc3EvKPbTQ==",
      "optional": true
    },
    "tunnel-agent": {
      "version": "0.6.0",
      "resolved": "https://registry.npmjs.org/tunnel-agent/-/tunnel-agent-0.6.0.tgz",
      "integrity": "sha1-J6XeoGs2sEoKmWZ3SykIaPD8QP0=",
      "requires": {
        "safe-buffer": "^5.0.1"
      }
    },
    "tweetnacl": {
      "version": "1.0.1",
      "resolved": "https://registry.npmjs.org/tweetnacl/-/tweetnacl-1.0.1.tgz",
      "integrity": "sha512-kcoMoKTPYnoeS50tzoqjPY3Uv9axeuuFAZY9M/9zFnhoVvRfxz9K29IMPD7jGmt2c8SW7i3gT9WqDl2+nV7p4A=="
    },
    "typedarray": {
      "version": "0.0.6",
      "resolved": "https://registry.npmjs.org/typedarray/-/typedarray-0.0.6.tgz",
      "integrity": "sha1-hnrHTjhkGHsdPUfZlqeOxciDB3c="
    },
    "util-deprecate": {
      "version": "1.0.2",
      "resolved": "https://registry.npmjs.org/util-deprecate/-/util-deprecate-1.0.2.tgz",
      "integrity": "sha1-RQ1Nyfpw3nMnYvvS1KKJgUGaDM8="
    },
    "webcrypto-core": {
      "version": "1.0.17",
      "resolved": "https://registry.npmjs.org/webcrypto-core/-/webcrypto-core-1.0.17.tgz",
      "integrity": "sha512-7jxTLgtM+TahBPErx/Dd2XvxFDfWJrHxjVeTSvIa4LSgiYrmCPlC2INiAMAfb8MbtHiwJKKqF5sPS0AWNjBbXw==",
      "optional": true,
      "requires": {
        "pvtsutils": "^1.0.9",
        "tslib": "^1.10.0"
      }
    },
    "webcrypto-shim": {
      "version": "0.1.5",
      "resolved": "https://registry.npmjs.org/webcrypto-shim/-/webcrypto-shim-0.1.5.tgz",
      "integrity": "sha512-mE+E00gulvbLjHaAwl0kph60oOLQRsKyivEFgV9DMM/3Y05F1vZvGq12hAcNzHRnYxyEOABBT/XMtwGSg5xA7A==",
      "optional": true
    },
    "websocket-driver": {
      "version": "0.7.3",
      "resolved": "https://registry.npmjs.org/websocket-driver/-/websocket-driver-0.7.3.tgz",
      "integrity": "sha512-bpxWlvbbB459Mlipc5GBzzZwhoZgGEZLuqPaR0INBGnPAY1vdBX6hPnoFXiw+3yWxDuHyQjO2oXTMyS8A5haFg==",
      "requires": {
        "http-parser-js": ">=0.4.0 <0.4.11",
        "safe-buffer": ">=5.1.0",
        "websocket-extensions": ">=0.1.1"
      }
    },
    "websocket-extensions": {
      "version": "0.1.3",
      "resolved": "https://registry.npmjs.org/websocket-extensions/-/websocket-extensions-0.1.3.tgz",
      "integrity": "sha512-nqHUnMXmBzT0w570r2JpJxfiSD1IzoI+HGVdd3aZ0yNi3ngvQ4jv1dtHt5VGxfI2yj5yqImPhOK4vmIh2xMbGg=="
    },
    "ws": {
      "version": "6.2.1",
      "resolved": "https://registry.npmjs.org/ws/-/ws-6.2.1.tgz",
      "integrity": "sha512-GIyAXC2cB7LjvpgMt9EKS2ldqr0MTrORaleiOno6TweZ6r3TKtoFQWay/2PceJ3RuBasOHzXNn5Lrw1X0bEjqA==",
      "requires": {
        "async-limiter": "~1.0.0"
      }
    }
  }
}
